
Microsoft Visual Studio Solution File, Format Version 12.00
# Visual Studio 15
VisualStudioVersion = 15.0.26730.16
MinimumVisualStudioVersion = 10.0.40219.1
Project("{8BC9CEB8-8B4A-11D0-8D11-00A0C91BC942}") = "Lapushkin_lab1_protect", "Lapushkin_lab1_protect\Lapushkin_lab1_protect.vcxproj", "{CE0C997F-7452-457C-B436-2FE037CCD67E}"
EndProject
Global
	GlobalSection(SolutionConfigurationPlatforms) = preSolution
		Debug|x64 = Debug|x64
		Debug|x86 = Debug|x86
		Release|x64 = Release|x64
		Release|x86 = Release|x86
	EndGlobalSection
	GlobalSection(ProjectConfigurationPlatforms) = postSolution
		{CE0C997F-7452-457C-B436-2FE037CCD67E}.Debug|x64.ActiveCfg = Debug|x64
		{CE0C997F-7452-457C-B436-2FE037CCD67E}.Debug|x64.Build.0 = Debug|x64
		{CE0C997F-7452-457C-B436-2FE037CCD67E}.Debug|x86.ActiveCfg = Debug|Win32
		{CE0C997F-7452-457C-B436-2FE037CCD67E}.Debug|x86.Build.0 = Debug|Win32
		{CE0C997F-7452-457C-B436-2FE037CCD67E}.Release|x64.ActiveCfg = Release|x64
		{CE0C997F-7452-457C-B436-2FE037CCD67E}.Release|x64.Build.0 = Release|x64
		{CE0C997F-7452-457C-B436-2FE037CCD67E}.Release|x86.ActiveCfg = Release|Win32
		{CE0C997F-7452-457C-B436-2FE037CCD67E}.Release|x86.Build.0 = Release|Win32
	EndGlobalSection
	GlobalSection(SolutionProperties) = preSolution
		HideSolutionNode = FALSE
	EndGlobalSection
	GlobalSection(ExtensibilityGlobals) = postSolution
		SolutionGuid = {CBCD6E5E-501D-45C7-98FF-CDA41603F4A2}
	EndGlobalSection
EndGlobal
