
Microsoft Visual Studio Solution File, Format Version 12.00
# Visual Studio 15
VisualStudioVersion = 15.0.28010.2019
MinimumVisualStudioVersion = 10.0.40219.1
Project("{8BC9CEB8-8B4A-11D0-8D11-00A0C91BC942}") = "vigener1", "vigener1\vigener1.vcxproj", "{E7286F6A-2F7E-462A-A6D9-E854A910ACAB}"
EndProject
Global
	GlobalSection(SolutionConfigurationPlatforms) = preSolution
		Debug|x64 = Debug|x64
		Debug|x86 = Debug|x86
		Release|x64 = Release|x64
		Release|x86 = Release|x86
	EndGlobalSection
	GlobalSection(ProjectConfigurationPlatforms) = postSolution
		{E7286F6A-2F7E-462A-A6D9-E854A910ACAB}.Debug|x64.ActiveCfg = Debug|x64
		{E7286F6A-2F7E-462A-A6D9-E854A910ACAB}.Debug|x64.Build.0 = Debug|x64
		{E7286F6A-2F7E-462A-A6D9-E854A910ACAB}.Debug|x86.ActiveCfg = Debug|Win32
		{E7286F6A-2F7E-462A-A6D9-E854A910ACAB}.Debug|x86.Build.0 = Debug|Win32
		{E7286F6A-2F7E-462A-A6D9-E854A910ACAB}.Release|x64.ActiveCfg = Release|x64
		{E7286F6A-2F7E-462A-A6D9-E854A910ACAB}.Release|x64.Build.0 = Release|x64
		{E7286F6A-2F7E-462A-A6D9-E854A910ACAB}.Release|x86.ActiveCfg = Release|Win32
		{E7286F6A-2F7E-462A-A6D9-E854A910ACAB}.Release|x86.Build.0 = Release|Win32
	EndGlobalSection
	GlobalSection(SolutionProperties) = preSolution
		HideSolutionNode = FALSE
	EndGlobalSection
	GlobalSection(ExtensibilityGlobals) = postSolution
		SolutionGuid = {EDE7C397-668F-4825-8CD4-ACD105F9850F}
	EndGlobalSection
EndGlobal
